
Microsoft Visual Studio Solution File, Format Version 12.00
# Visual Studio 15
VisualStudioVersion = 15.0.28010.2046
MinimumVisualStudioVersion = 10.0.40219.1
Project("{8BC9CEB8-8B4A-11D0-8D11-00A0C91BC942}") = "JianDanFactory", "DaHuaSheJiMoShi\DaHuaSheJiMoShi.vcxproj", "{CB3023DE-83E0-48D9-8D60-C3D6878A7E1B}"
EndProject
Project("{8BC9CEB8-8B4A-11D0-8D11-00A0C91BC942}") = "StretegyModule", "StretegyModule\StretegyModule.vcxproj", "{B68DEDC4-F8DF-4494-AEA3-95389086D633}"
EndProject
Project("{8BC9CEB8-8B4A-11D0-8D11-00A0C91BC942}") = "DanYiYuanZe-OpenClosePrinciple", "DANYIYUANZE\DANYIYUANZE.vcxproj", "{B0923C93-EAC4-4B09-ABB2-3B0F6FCC0032}"
EndProject
Project("{8BC9CEB8-8B4A-11D0-8D11-00A0C91BC942}") = "ZhuangShiMoShi", "ZhuangShiMoShi\ZhuangShiMoShi.vcxproj", "{49546587-3A4C-4B21-AF3A-EEF101890CDA}"
EndProject
Project("{8BC9CEB8-8B4A-11D0-8D11-00A0C91BC942}") = "DayLiMoShi", "DayLiMoShi\DayLiMoShi.vcxproj", "{6C4E9A15-F2EF-4D4B-84F3-EE76ED223EA4}"
EndProject
Project("{8BC9CEB8-8B4A-11D0-8D11-00A0C91BC942}") = "GongChangFangFaMoShi", "GongChangFangFaMoShi\GongChangFangFaMoShi.vcxproj", "{53495F65-86CB-45C2-ADD2-85A4C52A5FF2}"
EndProject
Project("{8BC9CEB8-8B4A-11D0-8D11-00A0C91BC942}") = "YuanXingMoShi", "YuanXingMoShi\YuanXingMoShi.vcxproj", "{E2949239-1677-4FE4-A875-3585FC123139}"
EndProject
Project("{8BC9CEB8-8B4A-11D0-8D11-00A0C91BC942}") = "MoBanFangFa", "MoBanFangFa\MoBanFangFa.vcxproj", "{4E8FBEA2-FBF7-4C8F-9C9F-F36D56422921}"
EndProject
Project("{8BC9CEB8-8B4A-11D0-8D11-00A0C91BC942}") = "DIMiTeFaZe", "DIMiTeFaZe\DIMiTeFaZe.vcxproj", "{656C0464-C53B-49BD-AB50-3F818F264743}"
EndProject
Project("{8BC9CEB8-8B4A-11D0-8D11-00A0C91BC942}") = "JianZaoZheMoShi", "JianZaoZheMoShi\JianZaoZheMoShi.vcxproj", "{2A460FE4-B0DE-4F18-8201-2D3595081EB0}"
EndProject
Project("{8BC9CEB8-8B4A-11D0-8D11-00A0C91BC942}") = "GuanCaZheMoShi", "GuanCaZheMoShi\GuanCaZheMoShi.vcxproj", "{0EB58DE4-A4CB-47A9-9B36-8B78D77A4AAB}"
EndProject
Project("{8BC9CEB8-8B4A-11D0-8D11-00A0C91BC942}") = "ChouXiangGongChangMoShi", "ChouXiangGongChangMoShi\ChouXiangGongChangMoShi.vcxproj", "{12F0C16A-36B1-473D-B0B7-F510E879DBAD}"
EndProject
Project("{8BC9CEB8-8B4A-11D0-8D11-00A0C91BC942}") = "ZhuangTaiMoShi", "ZhuangTaiMoShi\ZhuangTaiMoShi.vcxproj", "{4E1D9FAD-3CBC-4E45-B863-84110BFC605E}"
EndProject
Project("{8BC9CEB8-8B4A-11D0-8D11-00A0C91BC942}") = "ShiPeiQiMoShi", "ShiPeiQiMoShi\ShiPeiQiMoShi.vcxproj", "{98F42CBD-EDC1-4DB8-8C52-923CB165B283}"
EndProject
Project("{8BC9CEB8-8B4A-11D0-8D11-00A0C91BC942}") = "DanLiMoShi", "DanLiMoShi\DanLiMoShi.vcxproj", "{894F31D9-B705-49F1-9E79-66BD3FFD7AEE}"
EndProject
Project("{8BC9CEB8-8B4A-11D0-8D11-00A0C91BC942}") = "FactoryMoShi", "FactoryMoShi\FactoryMoShi.vcxproj", "{9D059D74-6849-497C-87D2-F1EA391AD38B}"
EndProject
Global
	GlobalSection(SolutionConfigurationPlatforms) = preSolution
		Debug|x64 = Debug|x64
		Debug|x86 = Debug|x86
		Release|x64 = Release|x64
		Release|x86 = Release|x86
	EndGlobalSection
	GlobalSection(ProjectConfigurationPlatforms) = postSolution
		{CB3023DE-83E0-48D9-8D60-C3D6878A7E1B}.Debug|x64.ActiveCfg = Debug|x64
		{CB3023DE-83E0-48D9-8D60-C3D6878A7E1B}.Debug|x64.Build.0 = Debug|x64
		{CB3023DE-83E0-48D9-8D60-C3D6878A7E1B}.Debug|x86.ActiveCfg = Debug|Win32
		{CB3023DE-83E0-48D9-8D60-C3D6878A7E1B}.Debug|x86.Build.0 = Debug|Win32
		{CB3023DE-83E0-48D9-8D60-C3D6878A7E1B}.Release|x64.ActiveCfg = Release|x64
		{CB3023DE-83E0-48D9-8D60-C3D6878A7E1B}.Release|x64.Build.0 = Release|x64
		{CB3023DE-83E0-48D9-8D60-C3D6878A7E1B}.Release|x86.ActiveCfg = Release|Win32
		{CB3023DE-83E0-48D9-8D60-C3D6878A7E1B}.Release|x86.Build.0 = Release|Win32
		{B68DEDC4-F8DF-4494-AEA3-95389086D633}.Debug|x64.ActiveCfg = Debug|x64
		{B68DEDC4-F8DF-4494-AEA3-95389086D633}.Debug|x64.Build.0 = Debug|x64
		{B68DEDC4-F8DF-4494-AEA3-95389086D633}.Debug|x86.ActiveCfg = Debug|Win32
		{B68DEDC4-F8DF-4494-AEA3-95389086D633}.Debug|x86.Build.0 = Debug|Win32
		{B68DEDC4-F8DF-4494-AEA3-95389086D633}.Release|x64.ActiveCfg = Release|x64
		{B68DEDC4-F8DF-4494-AEA3-95389086D633}.Release|x64.Build.0 = Release|x64
		{B68DEDC4-F8DF-4494-AEA3-95389086D633}.Release|x86.ActiveCfg = Release|Win32
		{B68DEDC4-F8DF-4494-AEA3-95389086D633}.Release|x86.Build.0 = Release|Win32
		{B0923C93-EAC4-4B09-ABB2-3B0F6FCC0032}.Debug|x64.ActiveCfg = Debug|x64
		{B0923C93-EAC4-4B09-ABB2-3B0F6FCC0032}.Debug|x64.Build.0 = Debug|x64
		{B0923C93-EAC4-4B09-ABB2-3B0F6FCC0032}.Debug|x86.ActiveCfg = Debug|Win32
		{B0923C93-EAC4-4B09-ABB2-3B0F6FCC0032}.Debug|x86.Build.0 = Debug|Win32
		{B0923C93-EAC4-4B09-ABB2-3B0F6FCC0032}.Release|x64.ActiveCfg = Release|x64
		{B0923C93-EAC4-4B09-ABB2-3B0F6FCC0032}.Release|x64.Build.0 = Release|x64
		{B0923C93-EAC4-4B09-ABB2-3B0F6FCC0032}.Release|x86.ActiveCfg = Release|Win32
		{B0923C93-EAC4-4B09-ABB2-3B0F6FCC0032}.Release|x86.Build.0 = Release|Win32
		{49546587-3A4C-4B21-AF3A-EEF101890CDA}.Debug|x64.ActiveCfg = Debug|x64
		{49546587-3A4C-4B21-AF3A-EEF101890CDA}.Debug|x64.Build.0 = Debug|x64
		{49546587-3A4C-4B21-AF3A-EEF101890CDA}.Debug|x86.ActiveCfg = Debug|Win32
		{49546587-3A4C-4B21-AF3A-EEF101890CDA}.Debug|x86.Build.0 = Debug|Win32
		{49546587-3A4C-4B21-AF3A-EEF101890CDA}.Release|x64.ActiveCfg = Release|x64
		{49546587-3A4C-4B21-AF3A-EEF101890CDA}.Release|x64.Build.0 = Release|x64
		{49546587-3A4C-4B21-AF3A-EEF101890CDA}.Release|x86.ActiveCfg = Release|Win32
		{49546587-3A4C-4B21-AF3A-EEF101890CDA}.Release|x86.Build.0 = Release|Win32
		{6C4E9A15-F2EF-4D4B-84F3-EE76ED223EA4}.Debug|x64.ActiveCfg = Debug|x64
		{6C4E9A15-F2EF-4D4B-84F3-EE76ED223EA4}.Debug|x64.Build.0 = Debug|x64
		{6C4E9A15-F2EF-4D4B-84F3-EE76ED223EA4}.Debug|x86.ActiveCfg = Debug|Win32
		{6C4E9A15-F2EF-4D4B-84F3-EE76ED223EA4}.Debug|x86.Build.0 = Debug|Win32
		{6C4E9A15-F2EF-4D4B-84F3-EE76ED223EA4}.Release|x64.ActiveCfg = Release|x64
		{6C4E9A15-F2EF-4D4B-84F3-EE76ED223EA4}.Release|x64.Build.0 = Release|x64
		{6C4E9A15-F2EF-4D4B-84F3-EE76ED223EA4}.Release|x86.ActiveCfg = Release|Win32
		{6C4E9A15-F2EF-4D4B-84F3-EE76ED223EA4}.Release|x86.Build.0 = Release|Win32
		{53495F65-86CB-45C2-ADD2-85A4C52A5FF2}.Debug|x64.ActiveCfg = Debug|x64
		{53495F65-86CB-45C2-ADD2-85A4C52A5FF2}.Debug|x64.Build.0 = Debug|x64
		{53495F65-86CB-45C2-ADD2-85A4C52A5FF2}.Debug|x86.ActiveCfg = Debug|Win32
		{53495F65-86CB-45C2-ADD2-85A4C52A5FF2}.Debug|x86.Build.0 = Debug|Win32
		{53495F65-86CB-45C2-ADD2-85A4C52A5FF2}.Release|x64.ActiveCfg = Release|x64
		{53495F65-86CB-45C2-ADD2-85A4C52A5FF2}.Release|x64.Build.0 = Release|x64
		{53495F65-86CB-45C2-ADD2-85A4C52A5FF2}.Release|x86.ActiveCfg = Release|Win32
		{53495F65-86CB-45C2-ADD2-85A4C52A5FF2}.Release|x86.Build.0 = Release|Win32
		{E2949239-1677-4FE4-A875-3585FC123139}.Debug|x64.ActiveCfg = Debug|x64
		{E2949239-1677-4FE4-A875-3585FC123139}.Debug|x64.Build.0 = Debug|x64
		{E2949239-1677-4FE4-A875-3585FC123139}.Debug|x86.ActiveCfg = Debug|Win32
		{E2949239-1677-4FE4-A875-3585FC123139}.Debug|x86.Build.0 = Debug|Win32
		{E2949239-1677-4FE4-A875-3585FC123139}.Release|x64.ActiveCfg = Release|x64
		{E2949239-1677-4FE4-A875-3585FC123139}.Release|x64.Build.0 = Release|x64
		{E2949239-1677-4FE4-A875-3585FC123139}.Release|x86.ActiveCfg = Release|Win32
		{E2949239-1677-4FE4-A875-3585FC123139}.Release|x86.Build.0 = Release|Win32
		{4E8FBEA2-FBF7-4C8F-9C9F-F36D56422921}.Debug|x64.ActiveCfg = Debug|x64
		{4E8FBEA2-FBF7-4C8F-9C9F-F36D56422921}.Debug|x64.Build.0 = Debug|x64
		{4E8FBEA2-FBF7-4C8F-9C9F-F36D56422921}.Debug|x86.ActiveCfg = Debug|Win32
		{4E8FBEA2-FBF7-4C8F-9C9F-F36D56422921}.Debug|x86.Build.0 = Debug|Win32
		{4E8FBEA2-FBF7-4C8F-9C9F-F36D56422921}.Release|x64.ActiveCfg = Release|x64
		{4E8FBEA2-FBF7-4C8F-9C9F-F36D56422921}.Release|x64.Build.0 = Release|x64
		{4E8FBEA2-FBF7-4C8F-9C9F-F36D56422921}.Release|x86.ActiveCfg = Release|Win32
		{4E8FBEA2-FBF7-4C8F-9C9F-F36D56422921}.Release|x86.Build.0 = Release|Win32
		{656C0464-C53B-49BD-AB50-3F818F264743}.Debug|x64.ActiveCfg = Debug|x64
		{656C0464-C53B-49BD-AB50-3F818F264743}.Debug|x64.Build.0 = Debug|x64
		{656C0464-C53B-49BD-AB50-3F818F264743}.Debug|x86.ActiveCfg = Debug|Win32
		{656C0464-C53B-49BD-AB50-3F818F264743}.Debug|x86.Build.0 = Debug|Win32
		{656C0464-C53B-49BD-AB50-3F818F264743}.Release|x64.ActiveCfg = Release|x64
		{656C0464-C53B-49BD-AB50-3F818F264743}.Release|x64.Build.0 = Release|x64
		{656C0464-C53B-49BD-AB50-3F818F264743}.Release|x86.ActiveCfg = Release|Win32
		{656C0464-C53B-49BD-AB50-3F818F264743}.Release|x86.Build.0 = Release|Win32
		{2A460FE4-B0DE-4F18-8201-2D3595081EB0}.Debug|x64.ActiveCfg = Debug|x64
		{2A460FE4-B0DE-4F18-8201-2D3595081EB0}.Debug|x64.Build.0 = Debug|x64
		{2A460FE4-B0DE-4F18-8201-2D3595081EB0}.Debug|x86.ActiveCfg = Debug|Win32
		{2A460FE4-B0DE-4F18-8201-2D3595081EB0}.Debug|x86.Build.0 = Debug|Win32
		{2A460FE4-B0DE-4F18-8201-2D3595081EB0}.Release|x64.ActiveCfg = Release|x64
		{2A460FE4-B0DE-4F18-8201-2D3595081EB0}.Release|x64.Build.0 = Release|x64
		{2A460FE4-B0DE-4F18-8201-2D3595081EB0}.Release|x86.ActiveCfg = Release|Win32
		{2A460FE4-B0DE-4F18-8201-2D3595081EB0}.Release|x86.Build.0 = Release|Win32
		{0EB58DE4-A4CB-47A9-9B36-8B78D77A4AAB}.Debug|x64.ActiveCfg = Debug|x64
		{0EB58DE4-A4CB-47A9-9B36-8B78D77A4AAB}.Debug|x64.Build.0 = Debug|x64
		{0EB58DE4-A4CB-47A9-9B36-8B78D77A4AAB}.Debug|x86.ActiveCfg = Debug|Win32
		{0EB58DE4-A4CB-47A9-9B36-8B78D77A4AAB}.Debug|x86.Build.0 = Debug|Win32
		{0EB58DE4-A4CB-47A9-9B36-8B78D77A4AAB}.Release|x64.ActiveCfg = Release|x64
		{0EB58DE4-A4CB-47A9-9B36-8B78D77A4AAB}.Release|x64.Build.0 = Release|x64
		{0EB58DE4-A4CB-47A9-9B36-8B78D77A4AAB}.Release|x86.ActiveCfg = Release|Win32
		{0EB58DE4-A4CB-47A9-9B36-8B78D77A4AAB}.Release|x86.Build.0 = Release|Win32
		{12F0C16A-36B1-473D-B0B7-F510E879DBAD}.Debug|x64.ActiveCfg = Debug|x64
		{12F0C16A-36B1-473D-B0B7-F510E879DBAD}.Debug|x64.Build.0 = Debug|x64
		{12F0C16A-36B1-473D-B0B7-F510E879DBAD}.Debug|x86.ActiveCfg = Debug|Win32
		{12F0C16A-36B1-473D-B0B7-F510E879DBAD}.Debug|x86.Build.0 = Debug|Win32
		{12F0C16A-36B1-473D-B0B7-F510E879DBAD}.Release|x64.ActiveCfg = Release|x64
		{12F0C16A-36B1-473D-B0B7-F510E879DBAD}.Release|x64.Build.0 = Release|x64
		{12F0C16A-36B1-473D-B0B7-F510E879DBAD}.Release|x86.ActiveCfg = Release|Win32
		{12F0C16A-36B1-473D-B0B7-F510E879DBAD}.Release|x86.Build.0 = Release|Win32
		{4E1D9FAD-3CBC-4E45-B863-84110BFC605E}.Debug|x64.ActiveCfg = Debug|x64
		{4E1D9FAD-3CBC-4E45-B863-84110BFC605E}.Debug|x64.Build.0 = Debug|x64
		{4E1D9FAD-3CBC-4E45-B863-84110BFC605E}.Debug|x86.ActiveCfg = Debug|Win32
		{4E1D9FAD-3CBC-4E45-B863-84110BFC605E}.Debug|x86.Build.0 = Debug|Win32
		{4E1D9FAD-3CBC-4E45-B863-84110BFC605E}.Release|x64.ActiveCfg = Release|x64
		{4E1D9FAD-3CBC-4E45-B863-84110BFC605E}.Release|x64.Build.0 = Release|x64
		{4E1D9FAD-3CBC-4E45-B863-84110BFC605E}.Release|x86.ActiveCfg = Release|Win32
		{4E1D9FAD-3CBC-4E45-B863-84110BFC605E}.Release|x86.Build.0 = Release|Win32
		{98F42CBD-EDC1-4DB8-8C52-923CB165B283}.Debug|x64.ActiveCfg = Debug|x64
		{98F42CBD-EDC1-4DB8-8C52-923CB165B283}.Debug|x64.Build.0 = Debug|x64
		{98F42CBD-EDC1-4DB8-8C52-923CB165B283}.Debug|x86.ActiveCfg = Debug|Win32
		{98F42CBD-EDC1-4DB8-8C52-923CB165B283}.Debug|x86.Build.0 = Debug|Win32
		{98F42CBD-EDC1-4DB8-8C52-923CB165B283}.Release|x64.ActiveCfg = Release|x64
		{98F42CBD-EDC1-4DB8-8C52-923CB165B283}.Release|x64.Build.0 = Release|x64
		{98F42CBD-EDC1-4DB8-8C52-923CB165B283}.Release|x86.ActiveCfg = Release|Win32
		{98F42CBD-EDC1-4DB8-8C52-923CB165B283}.Release|x86.Build.0 = Release|Win32
		{894F31D9-B705-49F1-9E79-66BD3FFD7AEE}.Debug|x64.ActiveCfg = Debug|x64
		{894F31D9-B705-49F1-9E79-66BD3FFD7AEE}.Debug|x64.Build.0 = Debug|x64
		{894F31D9-B705-49F1-9E79-66BD3FFD7AEE}.Debug|x86.ActiveCfg = Debug|Win32
		{894F31D9-B705-49F1-9E79-66BD3FFD7AEE}.Debug|x86.Build.0 = Debug|Win32
		{894F31D9-B705-49F1-9E79-66BD3FFD7AEE}.Release|x64.ActiveCfg = Release|x64
		{894F31D9-B705-49F1-9E79-66BD3FFD7AEE}.Release|x64.Build.0 = Release|x64
		{894F31D9-B705-49F1-9E79-66BD3FFD7AEE}.Release|x86.ActiveCfg = Release|Win32
		{894F31D9-B705-49F1-9E79-66BD3FFD7AEE}.Release|x86.Build.0 = Release|Win32
		{9D059D74-6849-497C-87D2-F1EA391AD38B}.Debug|x64.ActiveCfg = Debug|x64
		{9D059D74-6849-497C-87D2-F1EA391AD38B}.Debug|x64.Build.0 = Debug|x64
		{9D059D74-6849-497C-87D2-F1EA391AD38B}.Debug|x86.ActiveCfg = Debug|Win32
		{9D059D74-6849-497C-87D2-F1EA391AD38B}.Debug|x86.Build.0 = Debug|Win32
		{9D059D74-6849-497C-87D2-F1EA391AD38B}.Release|x64.ActiveCfg = Release|x64
		{9D059D74-6849-497C-87D2-F1EA391AD38B}.Release|x64.Build.0 = Release|x64
		{9D059D74-6849-497C-87D2-F1EA391AD38B}.Release|x86.ActiveCfg = Release|Win32
		{9D059D74-6849-497C-87D2-F1EA391AD38B}.Release|x86.Build.0 = Release|Win32
	EndGlobalSection
	GlobalSection(SolutionProperties) = preSolution
		HideSolutionNode = FALSE
	EndGlobalSection
	GlobalSection(ExtensibilityGlobals) = postSolution
		SolutionGuid = {85D927A5-FA3F-49CD-A6C5-C1C5F01FC1F4}
	EndGlobalSection
EndGlobal
